// !$*UTF8*$!
{
	archiveVersion = 1;
	classes = {
	};
	objectVersion = 50;
	objects = {

/* Begin PBXBuildFile section */
		1817DE1F240AB90700B45CA1 /* RWPickFlavor.h in Headers */ = {isa = PBXBuildFile; fileRef = 1817DE1D240AB90700B45CA1 /* RWPickFlavor.h */; settings = {ATTRIBUTES = (Public, ); }; };
		1817DE34240AC22F00B45CA1 /* Flavor.swift in Sources */ = {isa = PBXBuildFile; fileRef = 1817DE26240AC22E00B45CA1 /* Flavor.swift */; };
		1817DE35240AC22F00B45CA1 /* Images.xcassets in Resources */ = {isa = PBXBuildFile; fileRef = 1817DE28240AC22E00B45CA1 /* Images.xcassets */; };
		1817DE36240AC22F00B45CA1 /* ScoopCell.swift in Sources */ = {isa = PBXBuildFile; fileRef = 1817DE2A240AC22E00B45CA1 /* ScoopCell.swift */; };
		1817DE37240AC22F00B45CA1 /* ScoopView.swift in Sources */ = {isa = PBXBuildFile; fileRef = 1817DE2B240AC22E00B45CA1 /* ScoopView.swift */; };
		1817DE38240AC22F00B45CA1 /* Main.storyboard in Resources */ = {isa = PBXBuildFile; fileRef = 1817DE2C240AC22E00B45CA1 /* Main.storyboard */; };
		1817DE39240AC22F00B45CA1 /* IceCreamView.swift in Sources */ = {isa = PBXBuildFile; fileRef = 1817DE2E240AC22E00B45CA1 /* IceCreamView.swift */; };
		1817DE3A240AC22F00B45CA1 /* PickFlavorViewController.swift in Sources */ = {isa = PBXBuildFile; fileRef = 1817DE30240AC22E00B45CA1 /* PickFlavorViewController.swift */; };
		1817DE3B240AC22F00B45CA1 /* PickFlavorDataSource.swift in Sources */ = {isa = PBXBuildFile; fileRef = 1817DE31240AC22E00B45CA1 /* PickFlavorDataSource.swift */; };
		1817DE3C240AC22F00B45CA1 /* RGBAColorFromString.swift in Sources */ = {isa = PBXBuildFile; fileRef = 1817DE33240AC22F00B45CA1 /* RGBAColorFromString.swift */; };
		CA141206EF7DFA738E239450 /* libPods-RWPickFlavor.a in Frameworks */ = {isa = PBXBuildFile; fileRef = 7F401CE177EE51E31A81C762 /* libPods-RWPickFlavor.a */; };
/* End PBXBuildFile section */

/* Begin PBXFileReference section */
		1817DE1A240AB90700B45CA1 /* RWPickFlavor.framework */ = {isa = PBXFileReference; explicitFileType = wrapper.framework; includeInIndex = 0; path = RWPickFlavor.framework; sourceTree = BUILT_PRODUCTS_DIR; };
		1817DE1D240AB90700B45CA1 /* RWPickFlavor.h */ = {isa = PBXFileReference; lastKnownFileType = sourcecode.c.h; path = RWPickFlavor.h; sourceTree = "<group>"; };
		1817DE1E240AB90700B45CA1 /* Info.plist */ = {isa = PBXFileReference; lastKnownFileType = text.plist.xml; path = Info.plist; sourceTree = "<group>"; };
		1817DE26240AC22E00B45CA1 /* Flavor.swift */ = {isa = PBXFileReference; fileEncoding = 4; lastKnownFileType = sourcecode.swift; path = Flavor.swift; sourceTree = "<group>"; };
		1817DE28240AC22E00B45CA1 /* Images.xcassets */ = {isa = PBXFileReference; lastKnownFileType = folder.assetcatalog; path = Images.xcassets; sourceTree = "<group>"; };
		1817DE2A240AC22E00B45CA1 /* ScoopCell.swift */ = {isa = PBXFileReference; fileEncoding = 4; lastKnownFileType = sourcecode.swift; path = ScoopCell.swift; sourceTree = "<group>"; };
		1817DE2B240AC22E00B45CA1 /* ScoopView.swift */ = {isa = PBXFileReference; fileEncoding = 4; lastKnownFileType = sourcecode.swift; path = ScoopView.swift; sourceTree = "<group>"; };
		1817DE2D240AC22E00B45CA1 /* Base */ = {isa = PBXFileReference; lastKnownFileType = file.storyboard; name = Base; path = Base.lproj/Main.storyboard; sourceTree = "<group>"; };
		1817DE2E240AC22E00B45CA1 /* IceCreamView.swift */ = {isa = PBXFileReference; fileEncoding = 4; lastKnownFileType = sourcecode.swift; path = IceCreamView.swift; sourceTree = "<group>"; };
		1817DE30240AC22E00B45CA1 /* PickFlavorViewController.swift */ = {isa = PBXFileReference; fileEncoding = 4; lastKnownFileType = sourcecode.swift; path = PickFlavorViewController.swift; sourceTree = "<group>"; };
		1817DE31240AC22E00B45CA1 /* PickFlavorDataSource.swift */ = {isa = PBXFileReference; fileEncoding = 4; lastKnownFileType = sourcecode.swift; path = PickFlavorDataSource.swift; sourceTree = "<group>"; };
		1817DE33240AC22F00B45CA1 /* RGBAColorFromString.swift */ = {isa = PBXFileReference; fileEncoding = 4; lastKnownFileType = sourcecode.swift; path = RGBAColorFromString.swift; sourceTree = "<group>"; };
		1853064FB1B90F5E4193028E /* Pods-RWPickFlavor.release.xcconfig */ = {isa = PBXFileReference; includeInIndex = 1; lastKnownFileType = text.xcconfig; name = "Pods-RWPickFlavor.release.xcconfig"; path = "Target Support Files/Pods-RWPickFlavor/Pods-RWPickFlavor.release.xcconfig"; sourceTree = "<group>"; };
		30DAF6C96123812DB77DECA2 /* Pods-RWPickFlavor.debug.xcconfig */ = {isa = PBXFileReference; includeInIndex = 1; lastKnownFileType = text.xcconfig; name = "Pods-RWPickFlavor.debug.xcconfig"; path = "Target Support Files/Pods-RWPickFlavor/Pods-RWPickFlavor.debug.xcconfig"; sourceTree = "<group>"; };
		7F401CE177EE51E31A81C762 /* libPods-RWPickFlavor.a */ = {isa = PBXFileReference; explicitFileType = archive.ar; includeInIndex = 0; path = "libPods-RWPickFlavor.a"; sourceTree = BUILT_PRODUCTS_DIR; };
/* End PBXFileReference section */

/* Begin PBXFrameworksBuildPhase section */
		1817DE17240AB90700B45CA1 /* Frameworks */ = {
			isa = PBXFrameworksBuildPhase;
			buildActionMask = 2147483647;
			files = (
				CA141206EF7DFA738E239450 /* libPods-RWPickFlavor.a in Frameworks */,
			);
			runOnlyForDeploymentPostprocessing = 0;
		};
/* End PBXFrameworksBuildPhase section */

/* Begin PBXGroup section */
		1817DE10240AB90700B45CA1 = {
			isa = PBXGroup;
			children = (
				1817DE1C240AB90700B45CA1 /* RWPickFlavor */,
				1817DE1B240AB90700B45CA1 /* Products */,
				691555173446174F76501637 /* Pods */,
				3CE660620CE8330741D9EF93 /* Frameworks */,
			);
			sourceTree = "<group>";
		};
		1817DE1B240AB90700B45CA1 /* Products */ = {
			isa = PBXGroup;
			children = (
				1817DE1A240AB90700B45CA1 /* RWPickFlavor.framework */,
			);
			name = Products;
			sourceTree = "<group>";
		};
		1817DE1C240AB90700B45CA1 /* RWPickFlavor */ = {
			isa = PBXGroup;
			children = (
				1817DE32240AC22F00B45CA1 /* Categories */,
				1817DE2F240AC22E00B45CA1 /* Controllers */,
				1817DE25240AC22E00B45CA1 /* Models */,
				1817DE27240AC22E00B45CA1 /* Resources */,
				1817DE29240AC22E00B45CA1 /* Views */,
				1817DE1D240AB90700B45CA1 /* RWPickFlavor.h */,
				1817DE1E240AB90700B45CA1 /* Info.plist */,
			);
			path = RWPickFlavor;
			sourceTree = "<group>";
		};
		1817DE25240AC22E00B45CA1 /* Models */ = {
			isa = PBXGroup;
			children = (
				1817DE26240AC22E00B45CA1 /* Flavor.swift */,
			);
			path = Models;
			sourceTree = "<group>";
		};
		1817DE27240AC22E00B45CA1 /* Resources */ = {
			isa = PBXGroup;
			children = (
				1817DE28240AC22E00B45CA1 /* Images.xcassets */,
			);
			path = Resources;
			sourceTree = "<group>";
		};
		1817DE29240AC22E00B45CA1 /* Views */ = {
			isa = PBXGroup;
			children = (
				1817DE2A240AC22E00B45CA1 /* ScoopCell.swift */,
				1817DE2B240AC22E00B45CA1 /* ScoopView.swift */,
				1817DE2C240AC22E00B45CA1 /* Main.storyboard */,
				1817DE2E240AC22E00B45CA1 /* IceCreamView.swift */,
			);
			path = Views;
			sourceTree = "<group>";
		};
		1817DE2F240AC22E00B45CA1 /* Controllers */ = {
			isa = PBXGroup;
			children = (
				1817DE30240AC22E00B45CA1 /* PickFlavorViewController.swift */,
				1817DE31240AC22E00B45CA1 /* PickFlavorDataSource.swift */,
			);
			path = Controllers;
			sourceTree = "<group>";
		};
		1817DE32240AC22F00B45CA1 /* Categories */ = {
			isa = PBXGroup;
			children = (
				1817DE33240AC22F00B45CA1 /* RGBAColorFromString.swift */,
			);
			path = Categories;
			sourceTree = "<group>";
		};
		3CE660620CE8330741D9EF93 /* Frameworks */ = {
			isa = PBXGroup;
			children = (
				7F401CE177EE51E31A81C762 /* libPods-RWPickFlavor.a */,
			);
			name = Frameworks;
			sourceTree = "<group>";
		};
		691555173446174F76501637 /* Pods */ = {
			isa = PBXGroup;
			children = (
				30DAF6C96123812DB77DECA2 /* Pods-RWPickFlavor.debug.xcconfig */,
				1853064FB1B90F5E4193028E /* Pods-RWPickFlavor.release.xcconfig */,
			);
			path = Pods;
			sourceTree = "<group>";
		};
/* End PBXGroup section */

/* Begin PBXHeadersBuildPhase section */
		1817DE15240AB90700B45CA1 /* Headers */ = {
			isa = PBXHeadersBuildPhase;
			buildActionMask = 2147483647;
			files = (
				1817DE1F240AB90700B45CA1 /* RWPickFlavor.h in Headers */,
			);
			runOnlyForDeploymentPostprocessing = 0;
		};
/* End PBXHeadersBuildPhase section */

/* Begin PBXNativeTarget section */
		1817DE19240AB90700B45CA1 /* RWPickFlavor */ = {
			isa = PBXNativeTarget;
			buildConfigurationList = 1817DE22240AB90700B45CA1 /* Build configuration list for PBXNativeTarget "RWPickFlavor" */;
			buildPhases = (
				5B0225E3180FC1C50BEEED36 /* [CP] Check Pods Manifest.lock */,
				1817DE15240AB90700B45CA1 /* Headers */,
				1817DE16240AB90700B45CA1 /* Sources */,
				1817DE17240AB90700B45CA1 /* Frameworks */,
				1817DE18240AB90700B45CA1 /* Resources */,
			);
			buildRules = (
			);
			dependencies = (
			);
			name = RWPickFlavor;
			productName = RWPickFlavor;
			productReference = 1817DE1A240AB90700B45CA1 /* RWPickFlavor.framework */;
			productType = "com.apple.product-type.framework";
		};
/* End PBXNativeTarget section */

/* Begin PBXProject section */
		1817DE11240AB90700B45CA1 /* Project object */ = {
			isa = PBXProject;
			attributes = {
				LastUpgradeCheck = 1130;
				ORGANIZATIONNAME = Marlon;
				TargetAttributes = {
					1817DE19240AB90700B45CA1 = {
						CreatedOnToolsVersion = 11.3.1;
					};
				};
			};
			buildConfigurationList = 1817DE14240AB90700B45CA1 /* Build configuration list for PBXProject "RWPickFlavor" */;
			compatibilityVersion = "Xcode 9.3";
			developmentRegion = en;
			hasScannedForEncodings = 0;
			knownRegions = (
				en,
				Base,
			);
			mainGroup = 1817DE10240AB90700B45CA1;
			productRefGroup = 1817DE1B240AB90700B45CA1 /* Products */;
			projectDirPath = "";
			projectRoot = "";
			targets = (
				1817DE19240AB90700B45CA1 /* RWPickFlavor */,
			);
		};
/* End PBXProject section */

/* Begin PBXResourcesBuildPhase section */
		1817DE18240AB90700B45CA1 /* Resources */ = {
			isa = PBXResourcesBuildPhase;
			buildActionMask = 2147483647;
			files = (
				1817DE35240AC22F00B45CA1 /* Images.xcassets in Resources */,
				1817DE38240AC22F00B45CA1 /* Main.storyboard in Resources */,
			);
			runOnlyForDeploymentPostprocessing = 0;
		};
/* End PBXResourcesBuildPhase section */

/* Begin PBXShellScriptBuildPhase section */
		5B0225E3180FC1C50BEEED36 /* [CP] Check Pods Manifest.lock */ = {
			isa = PBXShellScriptBuildPhase;
			buildActionMask = 2147483647;
			files = (
			);
			inputFileListPaths = (
			);
			inputPaths = (
				"${PODS_PODFILE_DIR_PATH}/Podfile.lock",
				"${PODS_ROOT}/Manifest.lock",
			);
			name = "[CP] Check Pods Manifest.lock";
			outputFileListPaths = (
			);
			outputPaths = (
				"$(DERIVED_FILE_DIR)/Pods-RWPickFlavor-checkManifestLockResult.txt",
			);
			runOnlyForDeploymentPostprocessing = 0;
			shellPath = /bin/sh;
			shellScript = "diff \"${PODS_PODFILE_DIR_PATH}/Podfile.lock\" \"${PODS_ROOT}/Manifest.lock\" > /dev/null\nif [ $? != 0 ] ; then\n    # print error to STDERR\n    echo \"error: The sandbox is not in sync with the Podfile.lock. Run 'pod install' or update your CocoaPods installation.\" >&2\n    exit 1\nfi\n# This output is used by Xcode 'outputs' to avoid re-running this script phase.\necho \"SUCCESS\" > \"${SCRIPT_OUTPUT_FILE_0}\"\n";
			showEnvVarsInLog = 0;
		};
/* End PBXShellScriptBuildPhase section */

/* Begin PBXSourcesBuildPhase section */
		1817DE16240AB90700B45CA1 /* Sources */ = {
			isa = PBXSourcesBuildPhase;
			buildActionMask = 2147483647;
			files = (
				1817DE3C240AC22F00B45CA1 /* RGBAColorFromString.swift in Sources */,
				1817DE36240AC22F00B45CA1 /* ScoopCell.swift in Sources */,
				1817DE3B240AC22F00B45CA1 /* PickFlavorDataSource.swift in Sources */,
				1817DE39240AC22F00B45CA1 /* IceCreamView.swift in Sources */,
				1817DE34240AC22F00B45CA1 /* Flavor.swift in Sources */,
				1817DE37240AC22F00B45CA1 /* ScoopView.swift in Sources */,
				1817DE3A240AC22F00B45CA1 /* PickFlavorViewController.swift in Sources */,
			);
			runOnlyForDeploymentPostprocessing = 0;
		};
/* End PBXSourcesBuildPhase section */

/* Begin PBXVariantGroup section */
		1817DE2C240AC22E00B45CA1 /* Main.storyboard */ = {
			isa = PBXVariantGroup;
			children = (
				1817DE2D240AC22E00B45CA1 /* Base */,
			);
			name = Main.storyboard;
			sourceTree = "<group>";
		};
/* End PBXVariantGroup section */

/* Begin XCBuildConfiguration section */
		1817DE20240AB90700B45CA1 /* Debug */ = {
			isa = XCBuildConfiguration;
			buildSettings = {
				ALWAYS_SEARCH_USER_PATHS = NO;
				CLANG_ANALYZER_NONNULL = YES;
				CLANG_ANALYZER_NUMBER_OBJECT_CONVERSION = YES_AGGRESSIVE;
				CLANG_CXX_LANGUAGE_STANDARD = "gnu++14";
				CLANG_CXX_LIBRARY = "libc++";
				CLANG_ENABLE_MODULES = YES;
				CLANG_ENABLE_OBJC_ARC = YES;
				CLANG_ENABLE_OBJC_WEAK = YES;
				CLANG_WARN_BLOCK_CAPTURE_AUTORELEASING = YES;
				CLANG_WARN_BOOL_CONVERSION = YES;
				CLANG_WARN_COMMA = YES;
				CLANG_WARN_CONSTANT_CONVERSION = YES;
				CLANG_WARN_DEPRECATED_OBJC_IMPLEMENTATIONS = YES;
				CLANG_WARN_DIRECT_OBJC_ISA_USAGE = YES_ERROR;
				CLANG_WARN_DOCUMENTATION_COMMENTS = YES;
				CLANG_WARN_EMPTY_BODY = YES;
				CLANG_WARN_ENUM_CONVERSION = YES;
				CLANG_WARN_INFINITE_RECURSION = YES;
				CLANG_WARN_INT_CONVERSION = YES;
				CLANG_WARN_NON_LITERAL_NULL_CONVERSION = YES;
				CLANG_WARN_OBJC_IMPLICIT_RETAIN_SELF = YES;
				CLANG_WARN_OBJC_LITERAL_CONVERSION = YES;
				CLANG_WARN_OBJC_ROOT_CLASS = YES_ERROR;
				CLANG_WARN_RANGE_LOOP_ANALYSIS = YES;
				CLANG_WARN_STRICT_PROTOTYPES = YES;
				CLANG_WARN_SUSPICIOUS_MOVE = YES;
				CLANG_WARN_UNGUARDED_AVAILABILITY = YES_AGGRESSIVE;
				CLANG_WARN_UNREACHABLE_CODE = YES;
				CLANG_WARN__DUPLICATE_METHOD_MATCH = YES;
				COPY_PHASE_STRIP = NO;
				CURRENT_PROJECT_VERSION = 1;
				DEBUG_INFORMATION_FORMAT = dwarf;
				ENABLE_STRICT_OBJC_MSGSEND = YES;
				ENABLE_TESTABILITY = YES;
				GCC_C_LANGUAGE_STANDARD = gnu11;
				GCC_DYNAMIC_NO_PIC = NO;
				GCC_NO_COMMON_BLOCKS = YES;
				GCC_OPTIMIZATION_LEVEL = 0;
				GCC_PREPROCESSOR_DEFINITIONS = (
					"DEBUG=1",
					"$(inherited)",
				);
				GCC_WARN_64_TO_32_BIT_CONVERSION = YES;
				GCC_WARN_ABOUT_RETURN_TYPE = YES_ERROR;
				GCC_WARN_UNDECLARED_SELECTOR = YES;
				GCC_WARN_UNINITIALIZED_AUTOS = YES_AGGRESSIVE;
				GCC_WARN_UNUSED_FUNCTION = YES;
				GCC_WARN_UNUSED_VARIABLE = YES;
				IPHONEOS_DEPLOYMENT_TARGET = 13.2;
				MTL_ENABLE_DEBUG_INFO = INCLUDE_SOURCE;
				MTL_FAST_MATH = YES;
				ONLY_ACTIVE_ARCH = YES;
				SDKROOT = iphoneos;
				SWIFT_ACTIVE_COMPILATION_CONDITIONS = DEBUG;
				SWIFT_OPTIMIZATION_LEVEL = "-Onone";
				VERSIONING_SYSTEM = "apple-generic";
				VERSION_INFO_PREFIX = "";
			};
			name = Debug;
		};
		1817DE21240AB90700B45CA1 /* Release */ = {
			isa = XCBuildConfiguration;
			buildSettings = {
				ALWAYS_SEARCH_USER_PATHS = NO;
				CLANG_ANALYZER_NONNULL = YES;
				CLANG_ANALYZER_NUMBER_OBJECT_CONVERSION = YES_AGGRESSIVE;
				CLANG_CXX_LANGUAGE_STANDARD = "gnu++14";
				CLANG_CXX_LIBRARY = "libc++";
				CLANG_ENABLE_MODULES = YES;
				CLANG_ENABLE_OBJC_ARC = YES;
				CLANG_ENABLE_OBJC_WEAK = YES;
				CLANG_WARN_BLOCK_CAPTURE_AUTORELEASING = YES;
				CLANG_WARN_BOOL_CONVERSION = YES;
				CLANG_WARN_COMMA = YES;
				CLANG_WARN_CONSTANT_CONVERSION = YES;
				CLANG_WARN_DEPRECATED_OBJC_IMPLEMENTATIONS = YES;
				CLANG_WARN_DIRECT_OBJC_ISA_USAGE = YES_ERROR;
				CLANG_WARN_DOCUMENTATION_COMMENTS = YES;
				CLANG_WARN_EMPTY_BODY = YES;
				CLANG_WARN_ENUM_CONVERSION = YES;
				CLANG_WARN_INFINITE_RECURSION = YES;
				CLANG_WARN_INT_CONVERSION = YES;
				CLANG_WARN_NON_LITERAL_NULL_CONVERSION = YES;
				CLANG_WARN_OBJC_IMPLICIT_RETAIN_SELF = YES;
				CLANG_WARN_OBJC_LITERAL_CONVERSION = YES;
				CLANG_WARN_OBJC_ROOT_CLASS = YES_ERROR;
				CLANG_WARN_RANGE_LOOP_ANALYSIS = YES;
				CLANG_WARN_STRICT_PROTOTYPES = YES;
				CLANG_WARN_SUSPICIOUS_MOVE = YES;
				CLANG_WARN_UNGUARDED_AVAILABILITY = YES_AGGRESSIVE;
				CLANG_WARN_UNREACHABLE_CODE = YES;
				CLANG_WARN__DUPLICATE_METHOD_MATCH = YES;
				COPY_PHASE_STRIP = NO;
				CURRENT_PROJECT_VERSION = 1;
				DEBUG_INFORMATION_FORMAT = "dwarf-with-dsym";
				ENABLE_NS_ASSERTIONS = NO;
				ENABLE_STRICT_OBJC_MSGSEND = YES;
				GCC_C_LANGUAGE_STANDARD = gnu11;
				GCC_NO_COMMON_BLOCKS = YES;
				GCC_WARN_64_TO_32_BIT_CONVERSION = YES;
				GCC_WARN_ABOUT_RETURN_TYPE = YES_ERROR;
				GCC_WARN_UNDECLARED_SELECTOR = YES;
				GCC_WARN_UNINITIALIZED_AUTOS = YES_AGGRESSIVE;
				GCC_WARN_UNUSED_FUNCTION = YES;
				GCC_WARN_UNUSED_VARIABLE = YES;
				IPHONEOS_DEPLOYMENT_TARGET = 13.2;
				MTL_ENABLE_DEBUG_INFO = NO;
				MTL_FAST_MATH = YES;
				SDKROOT = iphoneos;
				SWIFT_COMPILATION_MODE = wholemodule;
				SWIFT_OPTIMIZATION_LEVEL = "-O";
				VALIDATE_PRODUCT = YES;
				VERSIONING_SYSTEM = "apple-generic";
				VERSION_INFO_PREFIX = "";
			};
			name = Release;
		};
		1817DE23240AB90700B45CA1 /* Debug */ = {
			isa = XCBuildConfiguration;
			baseConfigurationReference = 30DAF6C96123812DB77DECA2 /* Pods-RWPickFlavor.debug.xcconfig */;
			buildSettings = {
				CODE_SIGN_STYLE = Automatic;
				DEFINES_MODULE = YES;
				DEVELOPMENT_TEAM = 249Y6FV426;
				DYLIB_COMPATIBILITY_VERSION = 1;
				DYLIB_CURRENT_VERSION = 1;
				DYLIB_INSTALL_NAME_BASE = "@rpath";
				INFOPLIST_FILE = RWPickFlavor/Info.plist;
				INSTALL_PATH = "$(LOCAL_LIBRARY_DIR)/Frameworks";
				LD_RUNPATH_SEARCH_PATHS = (
					"$(inherited)",
					"@executable_path/Frameworks",
					"@loader_path/Frameworks",
				);
				PRODUCT_BUNDLE_IDENTIFIER = com.super.RWPickFlavor;
				PRODUCT_NAME = "$(TARGET_NAME:c99extidentifier)";
				SKIP_INSTALL = YES;
				SWIFT_VERSION = 5.0;
				TARGETED_DEVICE_FAMILY = "1,2";
			};
			name = Debug;
		};
		1817DE24240AB90700B45CA1 /* Release */ = {
			isa = XCBuildConfiguration;
			baseConfigurationReference = 1853064FB1B90F5E4193028E /* Pods-RWPickFlavor.release.xcconfig */;
			buildSettings = {
				CODE_SIGN_STYLE = Automatic;
				DEFINES_MODULE = YES;
				DEVELOPMENT_TEAM = 249Y6FV426;
				DYLIB_COMPATIBILITY_VERSION = 1;
				DYLIB_CURRENT_VERSION = 1;
				DYLIB_INSTALL_NAME_BASE = "@rpath";
				INFOPLIST_FILE = RWPickFlavor/Info.plist;
				INSTALL_PATH = "$(LOCAL_LIBRARY_DIR)/Frameworks";
				LD_RUNPATH_SEARCH_PATHS = (
					"$(inherited)",
					"@executable_path/Frameworks",
					"@loader_path/Frameworks",
				);
				PRODUCT_BUNDLE_IDENTIFIER = com.super.RWPickFlavor;
				PRODUCT_NAME = "$(TARGET_NAME:c99extidentifier)";
				SKIP_INSTALL = YES;
				SWIFT_VERSION = 5.0;
				TARGETED_DEVICE_FAMILY = "1,2";
			};
			name = Release;
		};
/* End XCBuildConfiguration section */

/* Begin XCConfigurationList section */
		1817DE14240AB90700B45CA1 /* Build configuration list for PBXProject "RWPickFlavor" */ = {
			isa = XCConfigurationList;
			buildConfigurations = (
				1817DE20240AB90700B45CA1 /* Debug */,
				1817DE21240AB90700B45CA1 /* Release */,
			);
			defaultConfigurationIsVisible = 0;
			defaultConfigurationName = Release;
		};
		1817DE22240AB90700B45CA1 /* Build configuration list for PBXNativeTarget "RWPickFlavor" */ = {
			isa = XCConfigurationList;
			buildConfigurations = (
				1817DE23240AB90700B45CA1 /* Debug */,
				1817DE24240AB90700B45CA1 /* Release */,
			);
			defaultConfigurationIsVisible = 0;
			defaultConfigurationName = Release;
		};
/* End XCConfigurationList section */
	};
	rootObject = 1817DE11240AB90700B45CA1 /* Project object */;
}
